// !$*UTF8*$!
{
	archiveVersion = 1;
	classes = {
	};
	objectVersion = 55;
	objects = {

/* Begin PBXBuildFile section */
		F299224327975ADB00A8B806 /* AppDelegate.swift in Sources */ = {isa = PBXBuildFile; fileRef = F299224227975ADB00A8B806 /* AppDelegate.swift */; };
		F299224527975ADB00A8B806 /* SceneDelegate.swift in Sources */ = {isa = PBXBuildFile; fileRef = F299224427975ADB00A8B806 /* SceneDelegate.swift */; };
		F299224727975ADB00A8B806 /* ViewController.swift in Sources */ = {isa = PBXBuildFile; fileRef = F299224627975ADB00A8B806 /* ViewController.swift */; };
		F299224A27975ADB00A8B806 /* Main.storyboard in Resources */ = {isa = PBXBuildFile; fileRef = F299224827975ADB00A8B806 /* Main.storyboard */; };
		F299224C27975ADB00A8B806 /* Assets.xcassets in Resources */ = {isa = PBXBuildFile; fileRef = F299224B27975ADB00A8B806 /* Assets.xcassets */; };
		F299224F27975ADB00A8B806 /* LaunchScreen.storyboard in Resources */ = {isa = PBXBuildFile; fileRef = F299224D27975ADB00A8B806 /* LaunchScreen.storyboard */; };
		F299225A27975ADC00A8B806 /* lab1_raviradadiya_0836175_iosTests.swift in Sources */ = {isa = PBXBuildFile; fileRef = F299225927975ADC00A8B806 /* lab1_raviradadiya_0836175_iosTests.swift */; };
		F299226427975ADC00A8B806 /* lab1_raviradadiya_0836175_iosUITests.swift in Sources */ = {isa = PBXBuildFile; fileRef = F299226327975ADC00A8B806 /* lab1_raviradadiya_0836175_iosUITests.swift */; };
		F299226627975ADC00A8B806 /* lab1_raviradadiya_0836175_iosUITestsLaunchTests.swift in Sources */ = {isa = PBXBuildFile; fileRef = F299226527975ADC00A8B806 /* lab1_raviradadiya_0836175_iosUITestsLaunchTests.swift */; };
/* End PBXBuildFile section */

/* Begin PBXContainerItemProxy section */
		F299225627975ADC00A8B806 /* PBXContainerItemProxy */ = {
			isa = PBXContainerItemProxy;
			containerPortal = F299223727975ADB00A8B806 /* Project object */;
			proxyType = 1;
			remoteGlobalIDString = F299223E27975ADB00A8B806;
			remoteInfo = lab1_raviradadiya_0836175_ios;
		};
		F299226027975ADC00A8B806 /* PBXContainerItemProxy */ = {
			isa = PBXContainerItemProxy;
			containerPortal = F299223727975ADB00A8B806 /* Project object */;
			proxyType = 1;
			remoteGlobalIDString = F299223E27975ADB00A8B806;
			remoteInfo = lab1_raviradadiya_0836175_ios;
		};
/* End PBXContainerItemProxy section */

/* Begin PBXFileReference section */
		F299223F27975ADB00A8B806 /* lab1_raviradadiya_0836175_ios.app */ = {isa = PBXFileReference; explicitFileType = wrapper.application; includeInIndex = 0; path = lab1_raviradadiya_0836175_ios.app; sourceTree = BUILT_PRODUCTS_DIR; };
		F299224227975ADB00A8B806 /* AppDelegate.swift */ = {isa = PBXFileReference; lastKnownFileType = sourcecode.swift; path = AppDelegate.swift; sourceTree = "<group>"; };
		F299224427975ADB00A8B806 /* SceneDelegate.swift */ = {isa = PBXFileReference; lastKnownFileType = sourcecode.swift; path = SceneDelegate.swift; sourceTree = "<group>"; };
		F299224627975ADB00A8B806 /* ViewController.swift */ = {isa = PBXFileReference; lastKnownFileType = sourcecode.swift; path = ViewController.swift; sourceTree = "<group>"; };
		F299224927975ADB00A8B806 /* Base */ = {isa = PBXFileReference; lastKnownFileType = file.storyboard; name = Base; path = Base.lproj/Main.storyboard; sourceTree = "<group>"; };
		F299224B27975ADB00A8B806 /* Assets.xcassets */ = {isa = PBXFileReference; lastKnownFileType = folder.assetcatalog; path = Assets.xcassets; sourceTree = "<group>"; };
		F299224E27975ADB00A8B806 /* Base */ = {isa = PBXFileReference; lastKnownFileType = file.storyboard; name = Base; path = Base.lproj/LaunchScreen.storyboard; sourceTree = "<group>"; };
		F299225027975ADB00A8B806 /* Info.plist */ = {isa = PBXFileReference; lastKnownFileType = text.plist.xml; path = Info.plist; sourceTree = "<group>"; };
		F299225527975ADC00A8B806 /* lab1_raviradadiya_0836175_iosTests.xctest */ = {isa = PBXFileReference; explicitFileType = wrapper.cfbundle; includeInIndex = 0; path = lab1_raviradadiya_0836175_iosTests.xctest; sourceTree = BUILT_PRODUCTS_DIR; };
		F299225927975ADC00A8B806 /* lab1_raviradadiya_0836175_iosTests.swift */ = {isa = PBXFileReference; lastKnownFileType = sourcecode.swift; path = lab1_raviradadiya_0836175_iosTests.swift; sourceTree = "<group>"; };
		F299225F27975ADC00A8B806 /* lab1_raviradadiya_0836175_iosUITests.xctest */ = {isa = PBXFileReference; explicitFileType = wrapper.cfbundle; includeInIndex = 0; path = lab1_raviradadiya_0836175_iosUITests.xctest; sourceTree = BUILT_PRODUCTS_DIR; };
		F299226327975ADC00A8B806 /* lab1_raviradadiya_0836175_iosUITests.swift */ = {isa = PBXFileReference; lastKnownFileType = sourcecode.swift; path = lab1_raviradadiya_0836175_iosUITests.swift; sourceTree = "<group>"; };
		F299226527975ADC00A8B806 /* lab1_raviradadiya_0836175_iosUITestsLaunchTests.swift */ = {isa = PBXFileReference; lastKnownFileType = sourcecode.swift; path = lab1_raviradadiya_0836175_iosUITestsLaunchTests.swift; sourceTree = "<group>"; };
/* End PBXFileReference section */

/* Begin PBXFrameworksBuildPhase section */
		F299223C27975ADB00A8B806 /* Frameworks */ = {
			isa = PBXFrameworksBuildPhase;
			buildActionMask = 2147483647;
			files = (
			);
			runOnlyForDeploymentPostprocessing = 0;
		};
		F299225227975ADC00A8B806 /* Frameworks */ = {
			isa = PBXFrameworksBuildPhase;
			buildActionMask = 2147483647;
			files = (
			);
			runOnlyForDeploymentPostprocessing = 0;
		};
		F299225C27975ADC00A8B806 /* Frameworks */ = {
			isa = PBXFrameworksBuildPhase;
			buildActionMask = 2147483647;
			files = (
			);
			runOnlyForDeploymentPostprocessing = 0;
		};
/* End PBXFrameworksBuildPhase section */

/* Begin PBXGroup section */
		F299223627975ADB00A8B806 = {
			isa = PBXGroup;
			children = (
				F299224127975ADB00A8B806 /* lab1_raviradadiya_0836175_ios */,
				F299225827975ADC00A8B806 /* lab1_raviradadiya_0836175_iosTests */,
				F299226227975ADC00A8B806 /* lab1_raviradadiya_0836175_iosUITests */,
				F299224027975ADB00A8B806 /* Products */,
			);
			sourceTree = "<group>";
		};
		F299224027975ADB00A8B806 /* Products */ = {
			isa = PBXGroup;
			children = (
				F299223F27975ADB00A8B806 /* lab1_raviradadiya_0836175_ios.app */,
				F299225527975ADC00A8B806 /* lab1_raviradadiya_0836175_iosTests.xctest */,
				F299225F27975ADC00A8B806 /* lab1_raviradadiya_0836175_iosUITests.xctest */,
			);
			name = Products;
			sourceTree = "<group>";
		};
		F299224127975ADB00A8B806 /* lab1_raviradadiya_0836175_ios */ = {
			isa = PBXGroup;
			children = (
				F299224227975ADB00A8B806 /* AppDelegate.swift */,
				F299224427975ADB00A8B806 /* SceneDelegate.swift */,
				F299224627975ADB00A8B806 /* ViewController.swift */,
				F299224827975ADB00A8B806 /* Main.storyboard */,
				F299224B27975ADB00A8B806 /* Assets.xcassets */,
				F299224D27975ADB00A8B806 /* LaunchScreen.storyboard */,
				F299225027975ADB00A8B806 /* Info.plist */,
			);
			path = lab1_raviradadiya_0836175_ios;
			sourceTree = "<group>";
		};
		F299225827975ADC00A8B806 /* lab1_raviradadiya_0836175_iosTests */ = {
			isa = PBXGroup;
			children = (
				F299225927975ADC00A8B806 /* lab1_raviradadiya_0836175_iosTests.swift */,
			);
			path = lab1_raviradadiya_0836175_iosTests;
			sourceTree = "<group>";
		};
		F299226227975ADC00A8B806 /* lab1_raviradadiya_0836175_iosUITests */ = {
			isa = PBXGroup;
			children = (
				F299226327975ADC00A8B806 /* lab1_raviradadiya_0836175_iosUITests.swift */,
				F299226527975ADC00A8B806 /* lab1_raviradadiya_0836175_iosUITestsLaunchTests.swift */,
			);
			path = lab1_raviradadiya_0836175_iosUITests;
			sourceTree = "<group>";
		};
/* End PBXGroup section */

/* Begin PBXNativeTarget section */
		F299223E27975ADB00A8B806 /* lab1_raviradadiya_0836175_ios */ = {
			isa = PBXNativeTarget;
			buildConfigurationList = F299226927975ADC00A8B806 /* Build configuration list for PBXNativeTarget "lab1_raviradadiya_0836175_ios" */;
			buildPhases = (
				F299223B27975ADB00A8B806 /* Sources */,
				F299223C27975ADB00A8B806 /* Frameworks */,
				F299223D27975ADB00A8B806 /* Resources */,
			);
			buildRules = (
			);
			dependencies = (
			);
			name = lab1_raviradadiya_0836175_ios;
			productName = lab1_raviradadiya_0836175_ios;
			productReference = F299223F27975ADB00A8B806 /* lab1_raviradadiya_0836175_ios.app */;
			productType = "com.apple.product-type.application";
		};
		F299225427975ADC00A8B806 /* lab1_raviradadiya_0836175_iosTests */ = {
			isa = PBXNativeTarget;
			buildConfigurationList = F299226C27975ADC00A8B806 /* Build configuration list for PBXNativeTarget "lab1_raviradadiya_0836175_iosTests" */;
			buildPhases = (
				F299225127975ADC00A8B806 /* Sources */,
				F299225227975ADC00A8B806 /* Frameworks */,
				F299225327975ADC00A8B806 /* Resources */,
			);
			buildRules = (
			);
			dependencies = (
				F299225727975ADC00A8B806 /* PBXTargetDependency */,
			);
			name = lab1_raviradadiya_0836175_iosTests;
			productName = lab1_raviradadiya_0836175_iosTests;
			productReference = F299225527975ADC00A8B806 /* lab1_raviradadiya_0836175_iosTests.xctest */;
			productType = "com.apple.product-type.bundle.unit-test";
		};
		F299225E27975ADC00A8B806 /* lab1_raviradadiya_0836175_iosUITests */ = {
			isa = PBXNativeTarget;
			buildConfigurationList = F299226F27975ADC00A8B806 /* Build configuration list for PBXNativeTarget "lab1_raviradadiya_0836175_iosUITests" */;
			buildPhases = (
				F299225B27975ADC00A8B806 /* Sources */,
				F299225C27975ADC00A8B806 /* Frameworks */,
				F299225D27975ADC00A8B806 /* Resources */,
			);
			buildRules = (
			);
			dependencies = (
				F299226127975ADC00A8B806 /* PBXTargetDependency */,
			);
			name = lab1_raviradadiya_0836175_iosUITests;
			productName = lab1_raviradadiya_0836175_iosUITests;
			productReference = F299225F27975ADC00A8B806 /* lab1_raviradadiya_0836175_iosUITests.xctest */;
			productType = "com.apple.product-type.bundle.ui-testing";
		};
/* End PBXNativeTarget section */

/* Begin PBXProject section */
		F299223727975ADB00A8B806 /* Project object */ = {
			isa = PBXProject;
			attributes = {
				BuildIndependentTargetsInParallel = 1;
				LastSwiftUpdateCheck = 1320;
				LastUpgradeCheck = 1320;
				TargetAttributes = {
					F299223E27975ADB00A8B806 = {
						CreatedOnToolsVersion = 13.2.1;
					};
					F299225427975ADC00A8B806 = {
						CreatedOnToolsVersion = 13.2.1;
						TestTargetID = F299223E27975ADB00A8B806;
					};
					F299225E27975ADC00A8B806 = {
						CreatedOnToolsVersion = 13.2.1;
						TestTargetID = F299223E27975ADB00A8B806;
					};
				};
			};
			buildConfigurationList = F299223A27975ADB00A8B806 /* Build configuration list for PBXProject "lab1_raviradadiya_0836175_ios" */;
			compatibilityVersion = "Xcode 13.0";
			developmentRegion = en;
			hasScannedForEncodings = 0;
			knownRegions = (
				en,
				Base,
			);
			mainGroup = F299223627975ADB00A8B806;
			productRefGroup = F299224027975ADB00A8B806 /* Products */;
			projectDirPath = "";
			projectRoot = "";
			targets = (
				F299223E27975ADB00A8B806 /* lab1_raviradadiya_0836175_ios */,
				F299225427975ADC00A8B806 /* lab1_raviradadiya_0836175_iosTests */,
				F299225E27975ADC00A8B806 /* lab1_raviradadiya_0836175_iosUITests */,
			);
		};
/* End PBXProject section */

/* Begin PBXResourcesBuildPhase section */
		F299223D27975ADB00A8B806 /* Resources */ = {
			isa = PBXResourcesBuildPhase;
			buildActionMask = 2147483647;
			files = (
				F299224F27975ADB00A8B806 /* LaunchScreen.storyboard in Resources */,
				F299224C27975ADB00A8B806 /* Assets.xcassets in Resources */,
				F299224A27975ADB00A8B806 /* Main.storyboard in Resources */,
			);
			runOnlyForDeploymentPostprocessing = 0;
		};
		F299225327975ADC00A8B806 /* Resources */ = {
			isa = PBXResourcesBuildPhase;
			buildActionMask = 2147483647;
			files = (
			);
			runOnlyForDeploymentPostprocessing = 0;
		};
		F299225D27975ADC00A8B806 /* Resources */ = {
			isa = PBXResourcesBuildPhase;
			buildActionMask = 2147483647;
			files = (
			);
			runOnlyForDeploymentPostprocessing = 0;
		};
/* End PBXResourcesBuildPhase section */

/* Begin PBXSourcesBuildPhase section */
		F299223B27975ADB00A8B806 /* Sources */ = {
			isa = PBXSourcesBuildPhase;
			buildActionMask = 2147483647;
			files = (
				F299224727975ADB00A8B806 /* ViewController.swift in Sources */,
				F299224327975ADB00A8B806 /* AppDelegate.swift in Sources */,
				F299224527975ADB00A8B806 /* SceneDelegate.swift in Sources */,
			);
			runOnlyForDeploymentPostprocessing = 0;
		};
		F299225127975ADC00A8B806 /* Sources */ = {
			isa = PBXSourcesBuildPhase;
			buildActionMask = 2147483647;
			files = (
				F299225A27975ADC00A8B806 /* lab1_raviradadiya_0836175_iosTests.swift in Sources */,
			);
			runOnlyForDeploymentPostprocessing = 0;
		};
		F299225B27975ADC00A8B806 /* Sources */ = {
			isa = PBXSourcesBuildPhase;
			buildActionMask = 2147483647;
			files = (
				F299226627975ADC00A8B806 /* lab1_raviradadiya_0836175_iosUITestsLaunchTests.swift in Sources */,
				F299226427975ADC00A8B806 /* lab1_raviradadiya_0836175_iosUITests.swift in Sources */,
			);
			runOnlyForDeploymentPostprocessing = 0;
		};
/* End PBXSourcesBuildPhase section */

/* Begin PBXTargetDependency section */
		F299225727975ADC00A8B806 /* PBXTargetDependency */ = {
			isa = PBXTargetDependency;
			target = F299223E27975ADB00A8B806 /* lab1_raviradadiya_0836175_ios */;
			targetProxy = F299225627975ADC00A8B806 /* PBXContainerItemProxy */;
		};
		F299226127975ADC00A8B806 /* PBXTargetDependency */ = {
			isa = PBXTargetDependency;
			target = F299223E27975ADB00A8B806 /* lab1_raviradadiya_0836175_ios */;
			targetProxy = F299226027975ADC00A8B806 /* PBXContainerItemProxy */;
		};
/* End PBXTargetDependency section */

/* Begin PBXVariantGroup section */
		F299224827975ADB00A8B806 /* Main.storyboard */ = {
			isa = PBXVariantGroup;
			children = (
				F299224927975ADB00A8B806 /* Base */,
			);
			name = Main.storyboard;
			sourceTree = "<group>";
		};
		F299224D27975ADB00A8B806 /* LaunchScreen.storyboard */ = {
			isa = PBXVariantGroup;
			children = (
				F299224E27975ADB00A8B806 /* Base */,
			);
			name = LaunchScreen.storyboard;
			sourceTree = "<group>";
		};
/* End PBXVariantGroup section */

/* Begin XCBuildConfiguration section */
		F299226727975ADC00A8B806 /* Debug */ = {
			isa = XCBuildConfiguration;
			buildSettings = {
				ALWAYS_SEARCH_USER_PATHS = NO;
				CLANG_ANALYZER_NONNULL = YES;
				CLANG_ANALYZER_NUMBER_OBJECT_CONVERSION = YES_AGGRESSIVE;
				CLANG_CXX_LANGUAGE_STANDARD = "gnu++17";
				CLANG_CXX_LIBRARY = "libc++";
				CLANG_ENABLE_MODULES = YES;
				CLANG_ENABLE_OBJC_ARC = YES;
				CLANG_ENABLE_OBJC_WEAK = YES;
				CLANG_WARN_BLOCK_CAPTURE_AUTORELEASING = YES;
				CLANG_WARN_BOOL_CONVERSION = YES;
				CLANG_WARN_COMMA = YES;
				CLANG_WARN_CONSTANT_CONVERSION = YES;
				CLANG_WARN_DEPRECATED_OBJC_IMPLEMENTATIONS = YES;
				CLANG_WARN_DIRECT_OBJC_ISA_USAGE = YES_ERROR;
				CLANG_WARN_DOCUMENTATION_COMMENTS = YES;
				CLANG_WARN_EMPTY_BODY = YES;
				CLANG_WARN_ENUM_CONVERSION = YES;
				CLANG_WARN_INFINITE_RECURSION = YES;
				CLANG_WARN_INT_CONVERSION = YES;
				CLANG_WARN_NON_LITERAL_NULL_CONVERSION = YES;
				CLANG_WARN_OBJC_IMPLICIT_RETAIN_SELF = YES;
				CLANG_WARN_OBJC_LITERAL_CONVERSION = YES;
				CLANG_WARN_OBJC_ROOT_CLASS = YES_ERROR;
				CLANG_WARN_QUOTED_INCLUDE_IN_FRAMEWORK_HEADER = YES;
				CLANG_WARN_RANGE_LOOP_ANALYSIS = YES;
				CLANG_WARN_STRICT_PROTOTYPES = YES;
				CLANG_WARN_SUSPICIOUS_MOVE = YES;
				CLANG_WARN_UNGUARDED_AVAILABILITY = YES_AGGRESSIVE;
				CLANG_WARN_UNREACHABLE_CODE = YES;
				CLANG_WARN__DUPLICATE_METHOD_MATCH = YES;
				COPY_PHASE_STRIP = NO;
				DEBUG_INFORMATION_FORMAT = dwarf;
				ENABLE_STRICT_OBJC_MSGSEND = YES;
				ENABLE_TESTABILITY = YES;
				GCC_C_LANGUAGE_STANDARD = gnu11;
				GCC_DYNAMIC_NO_PIC = NO;
				GCC_NO_COMMON_BLOCKS = YES;
				GCC_OPTIMIZATION_LEVEL = 0;
				GCC_PREPROCESSOR_DEFINITIONS = (
					"DEBUG=1",
					"$(inherited)",
				);
				GCC_WARN_64_TO_32_BIT_CONVERSION = YES;
				GCC_WARN_ABOUT_RETURN_TYPE = YES_ERROR;
				GCC_WARN_UNDECLARED_SELECTOR = YES;
				GCC_WARN_UNINITIALIZED_AUTOS = YES_AGGRESSIVE;
				GCC_WARN_UNUSED_FUNCTION = YES;
				GCC_WARN_UNUSED_VARIABLE = YES;
				IPHONEOS_DEPLOYMENT_TARGET = 15.2;
				MTL_ENABLE_DEBUG_INFO = INCLUDE_SOURCE;
				MTL_FAST_MATH = YES;
				ONLY_ACTIVE_ARCH = YES;
				SDKROOT = iphoneos;
				SWIFT_ACTIVE_COMPILATION_CONDITIONS = DEBUG;
				SWIFT_OPTIMIZATION_LEVEL = "-Onone";
			};
			name = Debug;
		};
		F299226827975ADC00A8B806 /* Release */ = {
			isa = XCBuildConfiguration;
			buildSettings = {
				ALWAYS_SEARCH_USER_PATHS = NO;
				CLANG_ANALYZER_NONNULL = YES;
				CLANG_ANALYZER_NUMBER_OBJECT_CONVERSION = YES_AGGRESSIVE;
				CLANG_CXX_LANGUAGE_STANDARD = "gnu++17";
				CLANG_CXX_LIBRARY = "libc++";
				CLANG_ENABLE_MODULES = YES;
				CLANG_ENABLE_OBJC_ARC = YES;
				CLANG_ENABLE_OBJC_WEAK = YES;
				CLANG_WARN_BLOCK_CAPTURE_AUTORELEASING = YES;
				CLANG_WARN_BOOL_CONVERSION = YES;
				CLANG_WARN_COMMA = YES;
				CLANG_WARN_CONSTANT_CONVERSION = YES;
				CLANG_WARN_DEPRECATED_OBJC_IMPLEMENTATIONS = YES;
				CLANG_WARN_DIRECT_OBJC_ISA_USAGE = YES_ERROR;
				CLANG_WARN_DOCUMENTATION_COMMENTS = YES;
				CLANG_WARN_EMPTY_BODY = YES;
				CLANG_WARN_ENUM_CONVERSION = YES;
				CLANG_WARN_INFINITE_RECURSION = YES;
				CLANG_WARN_INT_CONVERSION = YES;
				CLANG_WARN_NON_LITERAL_NULL_CONVERSION = YES;
				CLANG_WARN_OBJC_IMPLICIT_RETAIN_SELF = YES;
				CLANG_WARN_OBJC_LITERAL_CONVERSION = YES;
				CLANG_WARN_OBJC_ROOT_CLASS = YES_ERROR;
				CLANG_WARN_QUOTED_INCLUDE_IN_FRAMEWORK_HEADER = YES;
				CLANG_WARN_RANGE_LOOP_ANALYSIS = YES;
				CLANG_WARN_STRICT_PROTOTYPES = YES;
				CLANG_WARN_SUSPICIOUS_MOVE = YES;
				CLANG_WARN_UNGUARDED_AVAILABILITY = YES_AGGRESSIVE;
				CLANG_WARN_UNREACHABLE_CODE = YES;
				CLANG_WARN__DUPLICATE_METHOD_MATCH = YES;
				COPY_PHASE_STRIP = NO;
				DEBUG_INFORMATION_FORMAT = "dwarf-with-dsym";
				ENABLE_NS_ASSERTIONS = NO;
				ENABLE_STRICT_OBJC_MSGSEND = YES;
				GCC_C_LANGUAGE_STANDARD = gnu11;
				GCC_NO_COMMON_BLOCKS = YES;
				GCC_WARN_64_TO_32_BIT_CONVERSION = YES;
				GCC_WARN_ABOUT_RETURN_TYPE = YES_ERROR;
				GCC_WARN_UNDECLARED_SELECTOR = YES;
				GCC_WARN_UNINITIALIZED_AUTOS = YES_AGGRESSIVE;
				GCC_WARN_UNUSED_FUNCTION = YES;
				GCC_WARN_UNUSED_VARIABLE = YES;
				IPHONEOS_DEPLOYMENT_TARGET = 15.2;
				MTL_ENABLE_DEBUG_INFO = NO;
				MTL_FAST_MATH = YES;
				SDKROOT = iphoneos;
				SWIFT_COMPILATION_MODE = wholemodule;
				SWIFT_OPTIMIZATION_LEVEL = "-O";
				VALIDATE_PRODUCT = YES;
			};
			name = Release;
		};
		F299226A27975ADC00A8B806 /* Debug */ = {
			isa = XCBuildConfiguration;
			buildSettings = {
				ASSETCATALOG_COMPILER_APPICON_NAME = AppIcon;
				ASSETCATALOG_COMPILER_GLOBAL_ACCENT_COLOR_NAME = AccentColor;
				CODE_SIGN_STYLE = Automatic;
				CURRENT_PROJECT_VERSION = 1;
				DEVELOPMENT_TEAM = 75ACZ5GPWT;
				GENERATE_INFOPLIST_FILE = YES;
				INFOPLIST_FILE = lab1_raviradadiya_0836175_ios/Info.plist;
				INFOPLIST_KEY_UIApplicationSupportsIndirectInputEvents = YES;
				INFOPLIST_KEY_UILaunchStoryboardName = LaunchScreen;
				INFOPLIST_KEY_UIMainStoryboardFile = Main;
				INFOPLIST_KEY_UISupportedInterfaceOrientations_iPad = "UIInterfaceOrientationPortrait UIInterfaceOrientationPortraitUpsideDown UIInterfaceOrientationLandscapeLeft UIInterfaceOrientationLandscapeRight";
				INFOPLIST_KEY_UISupportedInterfaceOrientations_iPhone = "UIInterfaceOrientationPortrait UIInterfaceOrientationLandscapeLeft UIInterfaceOrientationLandscapeRight";
				LD_RUNPATH_SEARCH_PATHS = (
					"$(inherited)",
					"@executable_path/Frameworks",
				);
				MARKETING_VERSION = 1.0;
				PRODUCT_BUNDLE_IDENTIFIER = "com.rr.lab1-raviradadiya-0836175-ios";
				PRODUCT_NAME = "$(TARGET_NAME)";
				SWIFT_EMIT_LOC_STRINGS = YES;
				SWIFT_VERSION = 5.0;
				TARGETED_DEVICE_FAMILY = "1,2";
			};
			name = Debug;
		};
		F299226B27975ADC00A8B806 /* Release */ = {
			isa = XCBuildConfiguration;
			buildSettings = {
				ASSETCATALOG_COMPILER_APPICON_NAME = AppIcon;
				ASSETCATALOG_COMPILER_GLOBAL_ACCENT_COLOR_NAME = AccentColor;
				CODE_SIGN_STYLE = Automatic;
				CURRENT_PROJECT_VERSION = 1;
				DEVELOPMENT_TEAM = 75ACZ5GPWT;
				GENERATE_INFOPLIST_FILE = YES;
				INFOPLIST_FILE = lab1_raviradadiya_0836175_ios/Info.plist;
				INFOPLIST_KEY_UIApplicationSupportsIndirectInputEvents = YES;
				INFOPLIST_KEY_UILaunchStoryboardName = LaunchScreen;
				INFOPLIST_KEY_UIMainStoryboardFile = Main;
				INFOPLIST_KEY_UISupportedInterfaceOrientations_iPad = "UIInterfaceOrientationPortrait UIInterfaceOrientationPortraitUpsideDown UIInterfaceOrientationLandscapeLeft UIInterfaceOrientationLandscapeRight";
				INFOPLIST_KEY_UISupportedInterfaceOrientations_iPhone = "UIInterfaceOrientationPortrait UIInterfaceOrientationLandscapeLeft UIInterfaceOrientationLandscapeRight";
				LD_RUNPATH_SEARCH_PATHS = (
					"$(inherited)",
					"@executable_path/Frameworks",
				);
				MARKETING_VERSION = 1.0;
				PRODUCT_BUNDLE_IDENTIFIER = "com.rr.lab1-raviradadiya-0836175-ios";
				PRODUCT_NAME = "$(TARGET_NAME)";
				SWIFT_EMIT_LOC_STRINGS = YES;
				SWIFT_VERSION = 5.0;
				TARGETED_DEVICE_FAMILY = "1,2";
			};
			name = Release;
		};
		F299226D27975ADC00A8B806 /* Debug */ = {
			isa = XCBuildConfiguration;
			buildSettings = {
				ALWAYS_EMBED_SWIFT_STANDARD_LIBRARIES = YES;
				BUNDLE_LOADER = "$(TEST_HOST)";
				CODE_SIGN_STYLE = Automatic;
				CURRENT_PROJECT_VERSION = 1;
				DEVELOPMENT_TEAM = 75ACZ5GPWT;
				GENERATE_INFOPLIST_FILE = YES;
				IPHONEOS_DEPLOYMENT_TARGET = 15.2;
				MARKETING_VERSION = 1.0;
				PRODUCT_BUNDLE_IDENTIFIER = "com.rr.lab1-raviradadiya-0836175-iosTests";
				PRODUCT_NAME = "$(TARGET_NAME)";
				SWIFT_EMIT_LOC_STRINGS = NO;
				SWIFT_VERSION = 5.0;
				TARGETED_DEVICE_FAMILY = "1,2";
				TEST_HOST = "$(BUILT_PRODUCTS_DIR)/lab1_raviradadiya_0836175_ios.app/lab1_raviradadiya_0836175_ios";
			};
			name = Debug;
		};
		F299226E27975ADC00A8B806 /* Release */ = {
			isa = XCBuildConfiguration;
			buildSettings = {
				ALWAYS_EMBED_SWIFT_STANDARD_LIBRARIES = YES;
				BUNDLE_LOADER = "$(TEST_HOST)";
				CODE_SIGN_STYLE = Automatic;
				CURRENT_PROJECT_VERSION = 1;
				DEVELOPMENT_TEAM = 75ACZ5GPWT;
				GENERATE_INFOPLIST_FILE = YES;
				IPHONEOS_DEPLOYMENT_TARGET = 15.2;
				MARKETING_VERSION = 1.0;
				PRODUCT_BUNDLE_IDENTIFIER = "com.rr.lab1-raviradadiya-0836175-iosTests";
				PRODUCT_NAME = "$(TARGET_NAME)";
				SWIFT_EMIT_LOC_STRINGS = NO;
				SWIFT_VERSION = 5.0;
				TARGETED_DEVICE_FAMILY = "1,2";
				TEST_HOST = "$(BUILT_PRODUCTS_DIR)/lab1_raviradadiya_0836175_ios.app/lab1_raviradadiya_0836175_ios";
			};
			name = Release;
		};
		F299227027975ADC00A8B806 /* Debug */ = {
			isa = XCBuildConfiguration;
			buildSettings = {
				ALWAYS_EMBED_SWIFT_STANDARD_LIBRARIES = YES;
				CODE_SIGN_STYLE = Automatic;
				CURRENT_PROJECT_VERSION = 1;
				DEVELOPMENT_TEAM = 75ACZ5GPWT;
				GENERATE_INFOPLIST_FILE = YES;
				MARKETING_VERSION = 1.0;
				PRODUCT_BUNDLE_IDENTIFIER = "com.rr.lab1-raviradadiya-0836175-iosUITests";
				PRODUCT_NAME = "$(TARGET_NAME)";
				SWIFT_EMIT_LOC_STRINGS = NO;
				SWIFT_VERSION = 5.0;
				TARGETED_DEVICE_FAMILY = "1,2";
				TEST_TARGET_NAME = lab1_raviradadiya_0836175_ios;
			};
			name = Debug;
		};
		F299227127975ADC00A8B806 /* Release */ = {
			isa = XCBuildConfiguration;
			buildSettings = {
				ALWAYS_EMBED_SWIFT_STANDARD_LIBRARIES = YES;
				CODE_SIGN_STYLE = Automatic;
				CURRENT_PROJECT_VERSION = 1;
				DEVELOPMENT_TEAM = 75ACZ5GPWT;
				GENERATE_INFOPLIST_FILE = YES;
				MARKETING_VERSION = 1.0;
				PRODUCT_BUNDLE_IDENTIFIER = "com.rr.lab1-raviradadiya-0836175-iosUITests";
				PRODUCT_NAME = "$(TARGET_NAME)";
				SWIFT_EMIT_LOC_STRINGS = NO;
				SWIFT_VERSION = 5.0;
				TARGETED_DEVICE_FAMILY = "1,2";
				TEST_TARGET_NAME = lab1_raviradadiya_0836175_ios;
			};
			name = Release;
		};
/* End XCBuildConfiguration section */

/* Begin XCConfigurationList section */
		F299223A27975ADB00A8B806 /* Build configuration list for PBXProject "lab1_raviradadiya_0836175_ios" */ = {
			isa = XCConfigurationList;
			buildConfigurations = (
				F299226727975ADC00A8B806 /* Debug */,
				F299226827975ADC00A8B806 /* Release */,
			);
			defaultConfigurationIsVisible = 0;
			defaultConfigurationName = Release;
		};
		F299226927975ADC00A8B806 /* Build configuration list for PBXNativeTarget "lab1_raviradadiya_0836175_ios" */ = {
			isa = XCConfigurationList;
			buildConfigurations = (
				F299226A27975ADC00A8B806 /* Debug */,
				F299226B27975ADC00A8B806 /* Release */,
			);
			defaultConfigurationIsVisible = 0;
			defaultConfigurationName = Release;
		};
		F299226C27975ADC00A8B806 /* Build configuration list for PBXNativeTarget "lab1_raviradadiya_0836175_iosTests" */ = {
			isa = XCConfigurationList;
			buildConfigurations = (
				F299226D27975ADC00A8B806 /* Debug */,
				F299226E27975ADC00A8B806 /* Release */,
			);
			defaultConfigurationIsVisible = 0;
			defaultConfigurationName = Release;
		};
		F299226F27975ADC00A8B806 /* Build configuration list for PBXNativeTarget "lab1_raviradadiya_0836175_iosUITests" */ = {
			isa = XCConfigurationList;
			buildConfigurations = (
				F299227027975ADC00A8B806 /* Debug */,
				F299227127975ADC00A8B806 /* Release */,
			);
			defaultConfigurationIsVisible = 0;
			defaultConfigurationName = Release;
		};
/* End XCConfigurationList section */
	};
	rootObject = F299223727975ADB00A8B806 /* Project object */;
}
